
Microsoft Visual Studio Solution File, Format Version 12.00
# Visual Studio Version 16
VisualStudioVersion = 16.0.30611.23
MinimumVisualStudioVersion = 10.0.40219.1
Project("{FAE04EC0-301F-11D3-BF4B-00C04F79EFBC}") = "Testapp", "Testapp.csproj", "{09C97558-44F5-449C-81D0-A1A88BB63557}"
EndProject
Global
	GlobalSection(SolutionConfigurationPlatforms) = preSolution
		Debug|Any CPU = Debug|Any CPU
		Release|Any CPU = Release|Any CPU
	EndGlobalSection
	GlobalSection(ProjectConfigurationPlatforms) = postSolution
		{09C97558-44F5-449C-81D0-A1A88BB63557}.Debug|Any CPU.ActiveCfg = Debug|Any CPU
		{09C97558-44F5-449C-81D0-A1A88BB63557}.Debug|Any CPU.Build.0 = Debug|Any CPU
		{09C97558-44F5-449C-81D0-A1A88BB63557}.Release|Any CPU.ActiveCfg = Release|Any CPU
		{09C97558-44F5-449C-81D0-A1A88BB63557}.Release|Any CPU.Build.0 = Release|Any CPU
	EndGlobalSection
	GlobalSection(SolutionProperties) = preSolution
		HideSolutionNode = FALSE
	EndGlobalSection
	GlobalSection(ExtensibilityGlobals) = postSolution
		SolutionGuid = {1BB54720-749D-42D5-BEC9-D20E1858D9A9}
	EndGlobalSection
EndGlobal
